
Microsoft Visual Studio Solution File, Format Version 12.00
# Visual Studio Version 17
VisualStudioVersion = 17.7.34031.279
MinimumVisualStudioVersion = 10.0.40219.1
Project("{FAE04EC0-301F-11D3-BF4B-00C04F79EFBC}") = "Vista", "Vista\Vista.csproj", "{05FCDC33-1E27-4DF3-AF28-A0AA289AC97A}"
EndProject
Project("{FAE04EC0-301F-11D3-BF4B-00C04F79EFBC}") = "Modelo", "Modelo\Modelo.csproj", "{2A511955-ACEF-4BC4-901E-E437E7272E27}"
EndProject
Project("{FAE04EC0-301F-11D3-BF4B-00C04F79EFBC}") = "Controladora", "Controladora\Controladora.csproj", "{9932304F-C26F-4880-93D2-621AF6D2F8EC}"
EndProject
Project("{FAE04EC0-301F-11D3-BF4B-00C04F79EFBC}") = "Acceso a Datos", "Acceso a Datos\Acceso a Datos.csproj", "{63AAF329-503E-4F8F-B8C0-0898C716AFC6}"
EndProject
Project("{54435603-DBB4-11D2-8724-00A0C9A8B90C}") = "Setup", "Setup\Setup.vdproj", "{610DDCE0-E86B-4DC5-A97F-7F8F57DA6E30}"
EndProject
Global
	GlobalSection(SolutionConfigurationPlatforms) = preSolution
		Debug|Any CPU = Debug|Any CPU
		Release|Any CPU = Release|Any CPU
	EndGlobalSection
	GlobalSection(ProjectConfigurationPlatforms) = postSolution
		{05FCDC33-1E27-4DF3-AF28-A0AA289AC97A}.Debug|Any CPU.ActiveCfg = Debug|Any CPU
		{05FCDC33-1E27-4DF3-AF28-A0AA289AC97A}.Debug|Any CPU.Build.0 = Debug|Any CPU
		{05FCDC33-1E27-4DF3-AF28-A0AA289AC97A}.Release|Any CPU.ActiveCfg = Release|Any CPU
		{05FCDC33-1E27-4DF3-AF28-A0AA289AC97A}.Release|Any CPU.Build.0 = Release|Any CPU
		{2A511955-ACEF-4BC4-901E-E437E7272E27}.Debug|Any CPU.ActiveCfg = Debug|Any CPU
		{2A511955-ACEF-4BC4-901E-E437E7272E27}.Debug|Any CPU.Build.0 = Debug|Any CPU
		{2A511955-ACEF-4BC4-901E-E437E7272E27}.Release|Any CPU.ActiveCfg = Release|Any CPU
		{2A511955-ACEF-4BC4-901E-E437E7272E27}.Release|Any CPU.Build.0 = Release|Any CPU
		{9932304F-C26F-4880-93D2-621AF6D2F8EC}.Debug|Any CPU.ActiveCfg = Debug|Any CPU
		{9932304F-C26F-4880-93D2-621AF6D2F8EC}.Debug|Any CPU.Build.0 = Debug|Any CPU
		{9932304F-C26F-4880-93D2-621AF6D2F8EC}.Release|Any CPU.ActiveCfg = Release|Any CPU
		{9932304F-C26F-4880-93D2-621AF6D2F8EC}.Release|Any CPU.Build.0 = Release|Any CPU
		{63AAF329-503E-4F8F-B8C0-0898C716AFC6}.Debug|Any CPU.ActiveCfg = Debug|Any CPU
		{63AAF329-503E-4F8F-B8C0-0898C716AFC6}.Debug|Any CPU.Build.0 = Debug|Any CPU
		{63AAF329-503E-4F8F-B8C0-0898C716AFC6}.Release|Any CPU.ActiveCfg = Release|Any CPU
		{63AAF329-503E-4F8F-B8C0-0898C716AFC6}.Release|Any CPU.Build.0 = Release|Any CPU
		{610DDCE0-E86B-4DC5-A97F-7F8F57DA6E30}.Debug|Any CPU.ActiveCfg = Debug
		{610DDCE0-E86B-4DC5-A97F-7F8F57DA6E30}.Release|Any CPU.ActiveCfg = Release
	EndGlobalSection
	GlobalSection(SolutionProperties) = preSolution
		HideSolutionNode = FALSE
	EndGlobalSection
	GlobalSection(ExtensibilityGlobals) = postSolution
		SolutionGuid = {C8FEA2CC-7AC7-4008-8AF7-D1B9E3B30E2A}
	EndGlobalSection
EndGlobal
